{
  "name": "automator",
  "version": "0.0.0",
  "lockfileVersion": 1,
  "requires": true,
  "dependencies": {
    "adler-32": {
      "version": "0.3.0",
      "resolved": "https://registry.npmjs.org/adler-32/-/adler-32-0.3.0.tgz",
      "integrity": "sha1-5m3gQcOz238LP+Ji+mfk4caqX+A="
    },
    "async": {
      "version": "1.4.2",
      "resolved": "https://registry.npmjs.org/async/-/async-1.4.2.tgz",
      "integrity": "sha1-bJ7csRztTw3S8tQNsNSaEJwIiqs="
    },
    "babyparse": {
      "version": "0.2.1",
      "resolved": "https://registry.npmjs.org/babyparse/-/babyparse-0.2.1.tgz",
      "integrity": "sha1-Bp8DXfP9zm86RV3V2vx1F43PN2A="
    },
    "balanced-match": {
      "version": "0.3.0",
      "resolved": "https://registry.npmjs.org/balanced-match/-/balanced-match-0.3.0.tgz",
      "integrity": "sha1-qRzdHr7xqGZZ5w/03vAWJfwtZ1Y="
    },
    "bcrypt": {
      "version": "2.0.1",
      "resolved": "https://registry.npmjs.org/bcrypt/-/bcrypt-2.0.1.tgz",
      "integrity": "sha512-DwB7WgJPdskbR+9Y3OTJtwRq09Lmm7Na6b+4ewvXjkD0nfNRi1OozxljHm5ETlDCBq9DTy04lQz+rj+T2ztIJg==",
      "requires": {
        "nan": "2.10.0",
        "node-pre-gyp": "0.9.1"
      },
      "dependencies": {
        "abbrev": {
          "version": "1.1.1",
          "bundled": true
        },
        "ansi-regex": {
          "version": "2.1.1",
          "bundled": true
        },
        "aproba": {
          "version": "1.2.0",
          "bundled": true
        },
        "are-we-there-yet": {
          "version": "1.1.4",
          "bundled": true,
          "requires": {
            "delegates": "^1.0.0",
            "readable-stream": "^2.0.6"
          }
        },
        "balanced-match": {
          "version": "1.0.0",
          "bundled": true
        },
        "brace-expansion": {
          "version": "1.1.11",
          "bundled": true,
          "requires": {
            "balanced-match": "^1.0.0",
            "concat-map": "0.0.1"
          }
        },
        "chownr": {
          "version": "1.0.1",
          "bundled": true
        },
        "code-point-at": {
          "version": "1.1.0",
          "bundled": true
        },
        "concat-map": {
          "version": "0.0.1",
          "bundled": true
        },
        "console-control-strings": {
          "version": "1.1.0",
          "bundled": true
        },
        "core-util-is": {
          "version": "1.0.2",
          "bundled": true
        },
        "debug": {
          "version": "2.6.9",
          "bundled": true,
          "requires": {
            "ms": "2.0.0"
          }
        },
        "deep-extend": {
          "version": "0.4.2",
          "bundled": true
        },
        "delegates": {
          "version": "1.0.0",
          "bundled": true
        },
        "detect-libc": {
          "version": "1.0.3",
          "bundled": true
        },
        "fs-minipass": {
          "version": "1.2.5",
          "bundled": true,
          "requires": {
            "minipass": "^2.2.1"
          }
        },
        "fs.realpath": {
          "version": "1.0.0",
          "bundled": true
        },
        "gauge": {
          "version": "2.7.4",
          "bundled": true,
          "requires": {
            "aproba": "^1.0.3",
            "console-control-strings": "^1.0.0",
            "has-unicode": "^2.0.0",
            "object-assign": "^4.1.0",
            "signal-exit": "^3.0.0",
            "string-width": "^1.0.1",
            "strip-ansi": "^3.0.1",
            "wide-align": "^1.1.0"
          }
        },
        "glob": {
          "version": "7.1.2",
          "bundled": true,
          "requires": {
            "fs.realpath": "^1.0.0",
            "inflight": "^1.0.4",
            "inherits": "2",
            "minimatch": "^3.0.4",
            "once": "^1.3.0",
            "path-is-absolute": "^1.0.0"
          }
        },
        "has-unicode": {
          "version": "2.0.1",
          "bundled": true
        },
        "iconv-lite": {
          "version": "0.4.21",
          "bundled": true,
          "requires": {
            "safer-buffer": "^2.1.0"
          }
        },
        "ignore-walk": {
          "version": "3.0.1",
          "bundled": true,
          "requires": {
            "minimatch": "^3.0.4"
          }
        },
        "inflight": {
          "version": "1.0.6",
          "bundled": true,
          "requires": {
            "once": "^1.3.0",
            "wrappy": "1"
          }
        },
        "inherits": {
          "version": "2.0.3",
          "bundled": true
        },
        "ini": {
          "version": "1.3.5",
          "bundled": true
        },
        "is-fullwidth-code-point": {
          "version": "1.0.0",
          "bundled": true,
          "requires": {
            "number-is-nan": "^1.0.0"
          }
        },
        "isarray": {
          "version": "1.0.0",
          "bundled": true
        },
        "minimatch": {
          "version": "3.0.4",
          "bundled": true,
          "requires": {
            "brace-expansion": "^1.1.7"
          }
        },
        "minimist": {
          "version": "0.0.8",
          "bundled": true
        },
        "minipass": {
          "version": "2.2.4",
          "bundled": true,
          "requires": {
            "safe-buffer": "^5.1.1",
            "yallist": "^3.0.0"
          },
          "dependencies": {
            "yallist": {
              "version": "3.0.2",
              "bundled": true
            }
          }
        },
        "minizlib": {
          "version": "1.1.0",
          "bundled": true,
          "requires": {
            "minipass": "^2.2.1"
          }
        },
        "mkdirp": {
          "version": "0.5.1",
          "bundled": true,
          "requires": {
            "minimist": "0.0.8"
          }
        },
        "ms": {
          "version": "2.0.0",
          "bundled": true
        },
        "needle": {
          "version": "2.2.0",
          "bundled": true,
          "requires": {
            "debug": "^2.1.2",
            "iconv-lite": "^0.4.4",
            "sax": "^1.2.4"
          }
        },
        "node-pre-gyp": {
          "version": "0.9.1",
          "bundled": true,
          "requires": {
            "detect-libc": "^1.0.2",
            "mkdirp": "^0.5.1",
            "needle": "^2.2.0",
            "nopt": "^4.0.1",
            "npm-packlist": "^1.1.6",
            "npmlog": "^4.0.2",
            "rc": "^1.1.7",
            "rimraf": "^2.6.1",
            "semver": "^5.3.0",
            "tar": "^4"
          }
        },
        "nopt": {
          "version": "4.0.1",
          "bundled": true,
          "requires": {
            "abbrev": "1",
            "osenv": "^0.1.4"
          }
        },
        "npm-bundled": {
          "version": "1.0.3",
          "bundled": true
        },
        "npm-packlist": {
          "version": "1.1.10",
          "bundled": true,
          "requires": {
            "ignore-walk": "^3.0.1",
            "npm-bundled": "^1.0.1"
          }
        },
        "npmlog": {
          "version": "4.1.2",
          "bundled": true,
          "requires": {
            "are-we-there-yet": "~1.1.2",
            "console-control-strings": "~1.1.0",
            "gauge": "~2.7.3",
            "set-blocking": "~2.0.0"
          }
        },
        "number-is-nan": {
          "version": "1.0.1",
          "bundled": true
        },
        "object-assign": {
          "version": "4.1.1",
          "bundled": true
        },
        "once": {
          "version": "1.4.0",
          "bundled": true,
          "requires": {
            "wrappy": "1"
          }
        },
        "os-homedir": {
          "version": "1.0.2",
          "bundled": true
        },
        "os-tmpdir": {
          "version": "1.0.2",
          "bundled": true
        },
        "osenv": {
          "version": "0.1.5",
          "bundled": true,
          "requires": {
            "os-homedir": "^1.0.0",
            "os-tmpdir": "^1.0.0"
          }
        },
        "path-is-absolute": {
          "version": "1.0.1",
          "bundled": true
        },
        "process-nextick-args": {
          "version": "2.0.0",
          "bundled": true
        },
        "rc": {
          "version": "1.2.6",
          "bundled": true,
          "requires": {
            "deep-extend": "~0.4.0",
            "ini": "~1.3.0",
            "minimist": "^1.2.0",
            "strip-json-comments": "~2.0.1"
          },
          "dependencies": {
            "minimist": {
              "version": "1.2.0",
              "bundled": true
            }
          }
        },
        "readable-stream": {
          "version": "2.3.5",
          "bundled": true,
          "requires": {
            "core-util-is": "~1.0.0",
            "inherits": "~2.0.3",
            "isarray": "~1.0.0",
            "process-nextick-args": "~2.0.0",
            "safe-buffer": "~5.1.1",
            "string_decoder": "~1.0.3",
            "util-deprecate": "~1.0.1"
          }
        },
        "rimraf": {
          "version": "2.6.2",
          "bundled": true,
          "requires": {
            "glob": "^7.0.5"
          }
        },
        "safe-buffer": {
          "version": "5.1.1",
          "bundled": true
        },
        "safer-buffer": {
          "version": "2.1.2",
          "bundled": true
        },
        "sax": {
          "version": "1.2.4",
          "bundled": true
        },
        "semver": {
          "version": "5.5.0",
          "bundled": true
        },
        "set-blocking": {
          "version": "2.0.0",
          "bundled": true
        },
        "signal-exit": {
          "version": "3.0.2",
          "bundled": true
        },
        "string-width": {
          "version": "1.0.2",
          "bundled": true,
          "requires": {
            "code-point-at": "^1.0.0",
            "is-fullwidth-code-point": "^1.0.0",
            "strip-ansi": "^3.0.0"
          }
        },
        "string_decoder": {
          "version": "1.0.3",
          "bundled": true,
          "requires": {
            "safe-buffer": "~5.1.0"
          }
        },
        "strip-ansi": {
          "version": "3.0.1",
          "bundled": true,
          "requires": {
            "ansi-regex": "^2.0.0"
          }
        },
        "strip-json-comments": {
          "version": "2.0.1",
          "bundled": true
        },
        "tar": {
          "version": "4.4.1",
          "bundled": true,
          "requires": {
            "chownr": "^1.0.1",
            "fs-minipass": "^1.2.5",
            "minipass": "^2.2.4",
            "minizlib": "^1.1.0",
            "mkdirp": "^0.5.0",
            "safe-buffer": "^5.1.1",
            "yallist": "^3.0.2"
          },
          "dependencies": {
            "yallist": {
              "version": "3.0.2",
              "bundled": true
            }
          }
        },
        "util-deprecate": {
          "version": "1.0.2",
          "bundled": true
        },
        "wide-align": {
          "version": "1.1.2",
          "bundled": true,
          "requires": {
            "string-width": "^1.0.2"
          }
        },
        "wrappy": {
          "version": "1.0.2",
          "bundled": true
        }
      }
    },
    "boolbase": {
      "version": "1.0.0",
      "resolved": "https://registry.npmjs.org/boolbase/-/boolbase-1.0.0.tgz",
      "integrity": "sha1-aN/1++YMUes3cl6p4+0xDcwed24="
    },
    "brace-expansion": {
      "version": "1.1.2",
      "resolved": "https://registry.npmjs.org/brace-expansion/-/brace-expansion-1.1.2.tgz",
      "integrity": "sha1-8hRF0EiLZY4nce/YcO/1HfKfBO8=",
      "requires": {
        "balanced-match": "^0.3.0",
        "concat-map": "0.0.1"
      }
    },
    "camelcase": {
      "version": "1.2.1",
      "resolved": "https://registry.npmjs.org/camelcase/-/camelcase-1.2.1.tgz",
      "integrity": "sha1-m7UwTS4LVmmLLHWLCKPqqdqlijk="
    },
    "camelcase-keys": {
      "version": "1.0.0",
      "resolved": "https://registry.npmjs.org/camelcase-keys/-/camelcase-keys-1.0.0.tgz",
      "integrity": "sha1-vRoRv5sxoc5JNJOpMN4aC69K1+w=",
      "requires": {
        "camelcase": "^1.0.1",
        "map-obj": "^1.0.0"
      }
    },
    "cfb": {
      "version": "0.10.3",
      "resolved": "https://registry.npmjs.org/cfb/-/cfb-0.10.3.tgz",
      "integrity": "sha1-OwvnFR0JugKIlKol+OuD8Nu+itk=",
      "requires": {
        "commander": "^2.9.0"
      }
    },
    "cheerio": {
      "version": "0.19.0",
      "resolved": "https://registry.npmjs.org/cheerio/-/cheerio-0.19.0.tgz",
      "integrity": "sha1-dy5wFfLuKZZQltcepBdbdas1SSU=",
      "requires": {
        "css-select": "~1.0.0",
        "dom-serializer": "~0.1.0",
        "entities": "~1.1.1",
        "htmlparser2": "~3.8.1",
        "lodash": "^3.2.0"
      }
    },
    "codepage": {
      "version": "1.4.0",
      "resolved": "https://registry.npmjs.org/codepage/-/codepage-1.4.0.tgz",
      "integrity": "sha1-/9W2A65qjrtjVZ1fuJpX0SuUODc=",
      "requires": {
        "commander": "^2.9.0",
        "concat-stream": "^1.5.1",
        "exit-on-epipe": "^0.0.1",
        "voc": "^0.5.0"
      }
    },
    "colors": {
      "version": "0.6.2",
      "resolved": "https://registry.npmjs.org/colors/-/colors-0.6.2.tgz",
      "integrity": "sha1-JCP+ZnisDF2uiFLl0OW+CMmXq8w="
    },
    "commander": {
      "version": "2.9.0",
      "resolved": "https://registry.npmjs.org/commander/-/commander-2.9.0.tgz",
      "integrity": "sha1-nJkJQXbhIkDLItbFFGCYQA/g99Q=",
      "requires": {
        "graceful-readlink": ">= 1.0.0"
      }
    },
    "compute-argmin": {
      "version": "1.0.1",
      "resolved": "https://registry.npmjs.org/compute-argmin/-/compute-argmin-1.0.1.tgz",
      "integrity": "sha1-kRjKk/FMszXyy5h9gO4QaTMolKA="
    },
    "compute-incrspace": {
      "version": "1.0.2",
      "resolved": "https://registry.npmjs.org/compute-incrspace/-/compute-incrspace-1.0.2.tgz",
      "integrity": "sha1-wKhN8gCmvmMQz8p71KBOsx/KSLg=",
      "requires": {
        "validate.io-number-primitive": "^1.0.0"
      },
      "dependencies": {
        "validate.io-number-primitive": {
          "version": "1.0.0",
          "resolved": "https://registry.npmjs.org/validate.io-number-primitive/-/validate.io-number-primitive-1.0.0.tgz",
          "integrity": "sha1-0uAfICmJNp3PEVVElWQgOv5YTlU="
        }
      }
    },
    "concat-map": {
      "version": "0.0.1",
      "resolved": "https://registry.npmjs.org/concat-map/-/concat-map-0.0.1.tgz",
      "integrity": "sha1-2Klr13/Wjfd5OnMDajug1UBdR3s="
    },
    "concat-stream": {
      "version": "1.5.1",
      "resolved": "https://registry.npmjs.org/concat-stream/-/concat-stream-1.5.1.tgz",
      "integrity": "sha1-87gKz54fSOOHXAaItBtsMWAu6hw=",
      "requires": {
        "inherits": "~2.0.1",
        "readable-stream": "~2.0.0",
        "typedarray": "~0.0.5"
      },
      "dependencies": {
        "readable-stream": {
          "version": "2.0.5",
          "resolved": "https://registry.npmjs.org/readable-stream/-/readable-stream-2.0.5.tgz",
          "integrity": "sha1-okJvjc1FUcd6M/lu3yiGojyClmk=",
          "requires": {
            "core-util-is": "~1.0.0",
            "inherits": "~2.0.1",
            "isarray": "0.0.1",
            "process-nextick-args": "~1.0.6",
            "string_decoder": "~0.10.x",
            "util-deprecate": "~1.0.1"
          }
        }
      }
    },
    "core-util-is": {
      "version": "1.0.2",
      "resolved": "https://registry.npmjs.org/core-util-is/-/core-util-is-1.0.2.tgz",
      "integrity": "sha1-tf1UIgqivFq1eqtxQMlAdUUDwac="
    },
    "crc-32": {
      "version": "0.4.0",
      "resolved": "https://registry.npmjs.org/crc-32/-/crc-32-0.4.0.tgz",
      "integrity": "sha1-mZD9QAZ2iBf/0N48x2LmPYVOgpw="
    },
    "css-select": {
      "version": "1.0.0",
      "resolved": "https://registry.npmjs.org/css-select/-/css-select-1.0.0.tgz",
      "integrity": "sha1-sRIcpRhI3SZOIkTQWM7iVN7rRLA=",
      "requires": {
        "boolbase": "~1.0.0",
        "css-what": "1.0",
        "domutils": "1.4",
        "nth-check": "~1.0.0"
      }
    },
    "css-what": {
      "version": "1.0.0",
      "resolved": "https://registry.npmjs.org/css-what/-/css-what-1.0.0.tgz",
      "integrity": "sha1-18wt9FGAZm+Z0rFEYmOUaeAPc2w="
    },
    "dom-serializer": {
      "version": "0.1.0",
      "resolved": "https://registry.npmjs.org/dom-serializer/-/dom-serializer-0.1.0.tgz",
      "integrity": "sha1-BzxpdUbOB4DOI75KKOKT5AvDDII=",
      "requires": {
        "domelementtype": "~1.1.1",
        "entities": "~1.1.1"
      },
      "dependencies": {
        "domelementtype": {
          "version": "1.1.3",
          "resolved": "https://registry.npmjs.org/domelementtype/-/domelementtype-1.1.3.tgz",
          "integrity": "sha1-vSh3PiZCiBrsUVRJJCmcXNgiGFs="
        }
      }
    },
    "domelementtype": {
      "version": "1.3.0",
      "resolved": "https://registry.npmjs.org/domelementtype/-/domelementtype-1.3.0.tgz",
      "integrity": "sha1-sXrtguirWeUt2cGbF1bg/BhyBMI="
    },
    "domhandler": {
      "version": "2.3.0",
      "resolved": "https://registry.npmjs.org/domhandler/-/domhandler-2.3.0.tgz",
      "integrity": "sha1-LeWaCCLVAn+r/28DLCsloqir5zg=",
      "requires": {
        "domelementtype": "1"
      }
    },
    "domutils": {
      "version": "1.4.3",
      "resolved": "https://registry.npmjs.org/domutils/-/domutils-1.4.3.tgz",
      "integrity": "sha1-CGVRN5bGswYDGFDhdVFrr4C3Km8=",
      "requires": {
        "domelementtype": "1"
      }
    },
    "duplexify": {
      "version": "3.4.2",
      "resolved": "https://registry.npmjs.org/duplexify/-/duplexify-3.4.2.tgz",
      "integrity": "sha1-caV4rwPg0GPrjxMmr/1eVgAUXhs=",
      "requires": {
        "end-of-stream": "1.0.0",
        "readable-stream": "^2.0.0"
      },
      "dependencies": {
        "readable-stream": {
          "version": "2.0.5",
          "resolved": "https://registry.npmjs.org/readable-stream/-/readable-stream-2.0.5.tgz",
          "integrity": "sha1-okJvjc1FUcd6M/lu3yiGojyClmk=",
          "requires": {
            "core-util-is": "~1.0.0",
            "inherits": "~2.0.1",
            "isarray": "0.0.1",
            "process-nextick-args": "~1.0.6",
            "string_decoder": "~0.10.x",
            "util-deprecate": "~1.0.1"
          }
        }
      }
    },
    "end-of-stream": {
      "version": "1.0.0",
      "resolved": "https://registry.npmjs.org/end-of-stream/-/end-of-stream-1.0.0.tgz",
      "integrity": "sha1-1FlucCc0qT5A6a+GQxnqvZn/Lw4=",
      "requires": {
        "once": "~1.3.0"
      }
    },
    "entities": {
      "version": "1.1.1",
      "resolved": "https://registry.npmjs.org/entities/-/entities-1.1.1.tgz",
      "integrity": "sha1-blwtClYhtdra7O+AuQ7ftc13cvA="
    },
    "exit-on-epipe": {
      "version": "0.0.1",
      "resolved": "https://registry.npmjs.org/exit-on-epipe/-/exit-on-epipe-0.0.1.tgz",
      "integrity": "sha1-6kFlAAcJjIREUZpdSJWBcMStkps="
    },
    "fd-slicer": {
      "version": "1.0.1",
      "resolved": "https://registry.npmjs.org/fd-slicer/-/fd-slicer-1.0.1.tgz",
      "integrity": "sha1-i1vL2ewyfFBBv5qwI/1nUPEXfmU=",
      "requires": {
        "pend": "~1.2.0"
      }
    },
    "frac": {
      "version": "0.3.1",
      "resolved": "https://registry.npmjs.org/frac/-/frac-0.3.1.tgz",
      "integrity": "sha1-V3Z3t/3L5vr3xGHxgB00E3zaQ1Q="
    },
    "fs-extra": {
      "version": "0.24.0",
      "resolved": "https://registry.npmjs.org/fs-extra/-/fs-extra-0.24.0.tgz",
      "integrity": "sha1-1OQ0KpZnXLeEZjOmCZJJMytTmVI=",
      "requires": {
        "graceful-fs": "^4.1.2",
        "jsonfile": "^2.1.0",
        "path-is-absolute": "^1.0.0",
        "rimraf": "^2.2.8"
      },
      "dependencies": {
        "graceful-fs": {
          "version": "4.1.2",
          "resolved": "https://registry.npmjs.org/graceful-fs/-/graceful-fs-4.1.2.tgz",
          "integrity": "sha1-/iI5t1dJcuZ+QfgIgj+b+kqZHjc="
        },
        "jsonfile": {
          "version": "2.2.2",
          "resolved": "https://registry.npmjs.org/jsonfile/-/jsonfile-2.2.2.tgz",
          "integrity": "sha1-B/OGHfQhdcmVqqT72U+QqqlVMc0="
        },
        "path-is-absolute": {
          "version": "1.0.0",
          "resolved": "https://registry.npmjs.org/path-is-absolute/-/path-is-absolute-1.0.0.tgz",
          "integrity": "sha1-Jj2tpmqz8vsQv3+dJN2PPlcO+RI="
        },
        "rimraf": {
          "version": "2.4.3",
          "resolved": "https://registry.npmjs.org/rimraf/-/rimraf-2.4.3.tgz",
          "integrity": "sha1-5bUclDekxYKtuVXp8oz42UXicq8=",
          "requires": {
            "glob": "^5.0.14"
          },
          "dependencies": {
            "glob": {
              "version": "5.0.14",
              "resolved": "https://registry.npmjs.org/glob/-/glob-5.0.14.tgz",
              "integrity": "sha1-qBHVB6y2BUQe3WzSYio8bwbMAOE=",
              "requires": {
                "inflight": "^1.0.4",
                "inherits": "2",
                "minimatch": "^2.0.1",
                "once": "^1.3.0",
                "path-is-absolute": "^1.0.0"
              },
              "dependencies": {
                "inflight": {
                  "version": "1.0.4",
                  "resolved": "https://registry.npmjs.org/inflight/-/inflight-1.0.4.tgz",
                  "integrity": "sha1-bLtFIevVHODsCpNr/XZX736bFyo=",
                  "requires": {
                    "once": "^1.3.0",
                    "wrappy": "1"
                  },
                  "dependencies": {
                    "wrappy": {
                      "version": "1.0.1",
                      "resolved": "https://registry.npmjs.org/wrappy/-/wrappy-1.0.1.tgz",
                      "integrity": "sha1-HmWWmWXMvC20VIxrhKbyxa7dRzk="
                    }
                  }
                },
                "inherits": {
                  "version": "2.0.1",
                  "resolved": "https://registry.npmjs.org/inherits/-/inherits-2.0.1.tgz",
                  "integrity": "sha1-sX0I0ya0Qj5Wjv9xn5GwscvfafE="
                },
                "minimatch": {
                  "version": "2.0.10",
                  "resolved": "https://registry.npmjs.org/minimatch/-/minimatch-2.0.10.tgz",
                  "integrity": "sha1-jQh8OcazjAAbl/ynzm0OHoCvusc=",
                  "requires": {
                    "brace-expansion": "^1.0.0"
                  },
                  "dependencies": {
                    "brace-expansion": {
                      "version": "1.1.0",
                      "resolved": "https://registry.npmjs.org/brace-expansion/-/brace-expansion-1.1.0.tgz",
                      "integrity": "sha1-ybfQPAPze8cEvhAOUitA249s/Nk=",
                      "requires": {
                        "balanced-match": "^0.2.0",
                        "concat-map": "0.0.1"
                      },
                      "dependencies": {
                        "balanced-match": {
                          "version": "0.2.0",
                          "resolved": "https://registry.npmjs.org/balanced-match/-/balanced-match-0.2.0.tgz",
                          "integrity": "sha1-OPZzDAOqttXtu1K9k0iF51bXFnQ="
                        },
                        "concat-map": {
                          "version": "0.0.1",
                          "resolved": "https://registry.npmjs.org/concat-map/-/concat-map-0.0.1.tgz",
                          "integrity": "sha1-2Klr13/Wjfd5OnMDajug1UBdR3s="
                        }
                      }
                    }
                  }
                },
                "once": {
                  "version": "1.3.2",
                  "resolved": "https://registry.npmjs.org/once/-/once-1.3.2.tgz",
                  "integrity": "sha1-2P7sqTsDnsHc3ud0HJK9rF4oCBs=",
                  "requires": {
                    "wrappy": "1"
                  },
                  "dependencies": {
                    "wrappy": {
                      "version": "1.0.1",
                      "resolved": "https://registry.npmjs.org/wrappy/-/wrappy-1.0.1.tgz",
                      "integrity": "sha1-HmWWmWXMvC20VIxrhKbyxa7dRzk="
                    }
                  }
                }
              }
            }
          }
        }
      }
    },
    "get-stdin": {
      "version": "4.0.1",
      "resolved": "https://registry.npmjs.org/get-stdin/-/get-stdin-4.0.1.tgz",
      "integrity": "sha1-uWjGsKBDhDJJAui/Gl3zJXmkUP4="
    },
    "glob": {
      "version": "6.0.4",
      "resolved": "https://registry.npmjs.org/glob/-/glob-6.0.4.tgz",
      "integrity": "sha1-DwiGD2oVUSey+t1PnOJLGqtuTSI=",
      "requires": {
        "inflight": "^1.0.4",
        "inherits": "2",
        "minimatch": "2 || 3",
        "once": "^1.3.0",
        "path-is-absolute": "^1.0.0"
      }
    },
    "got": {
      "version": "3.3.1",
      "resolved": "https://registry.npmjs.org/got/-/got-3.3.1.tgz",
      "integrity": "sha1-5dDtSvVfw+701WAHdp2YGSvLLso=",
      "requires": {
        "duplexify": "^3.2.0",
        "infinity-agent": "^2.0.0",
        "is-redirect": "^1.0.0",
        "is-stream": "^1.0.0",
        "lowercase-keys": "^1.0.0",
        "nested-error-stacks": "^1.0.0",
        "object-assign": "^3.0.0",
        "prepend-http": "^1.0.0",
        "read-all-stream": "^3.0.0",
        "timed-out": "^2.0.0"
      }
    },
    "graceful-readlink": {
      "version": "1.0.1",
      "resolved": "https://registry.npmjs.org/graceful-readlink/-/graceful-readlink-1.0.1.tgz",
      "integrity": "sha1-TK+tdrxi8C+gObL5Tpo906ORpyU="
    },
    "harb": {
      "version": "0.0.7",
      "resolved": "https://registry.npmjs.org/harb/-/harb-0.0.7.tgz",
      "integrity": "sha1-2lFvQalUrF4XCTwAGFuKeJyE4Jo=",
      "requires": {
        "babyparse": "0.2.1",
        "codepage": "^1.4.0",
        "commander": "^2.9.0",
        "ssf": "0.8.2"
      }
    },
    "html-entities": {
      "version": "1.1.3",
      "resolved": "https://registry.npmjs.org/html-entities/-/html-entities-1.1.3.tgz",
      "integrity": "sha1-fjtHZA9eppsJeui7vny4ypQdhb0="
    },
    "htmlparser2": {
      "version": "3.8.3",
      "resolved": "https://registry.npmjs.org/htmlparser2/-/htmlparser2-3.8.3.tgz",
      "integrity": "sha1-mWwosZFRaovoZQGn15dX5ccMEGg=",
      "requires": {
        "domelementtype": "1",
        "domhandler": "2.3",
        "domutils": "1.5",
        "entities": "1.0",
        "readable-stream": "1.1"
      },
      "dependencies": {
        "domutils": {
          "version": "1.5.1",
          "resolved": "https://registry.npmjs.org/domutils/-/domutils-1.5.1.tgz",
          "integrity": "sha1-3NhIiib1Y9YQeeSMn3t+Mjc2gs8=",
          "requires": {
            "dom-serializer": "0",
            "domelementtype": "1"
          }
        },
        "entities": {
          "version": "1.0.0",
          "resolved": "https://registry.npmjs.org/entities/-/entities-1.0.0.tgz",
          "integrity": "sha1-sph6o4ITR/zeZCsk/fyeT7cSvyY="
        }
      }
    },
    "indent-string": {
      "version": "1.2.2",
      "resolved": "https://registry.npmjs.org/indent-string/-/indent-string-1.2.2.tgz",
      "integrity": "sha1-25m8xYPrarux5I3LsZmamGBBy2s=",
      "requires": {
        "get-stdin": "^4.0.1",
        "minimist": "^1.1.0",
        "repeating": "^1.1.0"
      }
    },
    "infinity-agent": {
      "version": "2.0.3",
      "resolved": "https://registry.npmjs.org/infinity-agent/-/infinity-agent-2.0.3.tgz",
      "integrity": "sha1-ReDi/3qesDCyfWK3SzdEt6esQhY="
    },
    "inflight": {
      "version": "1.0.4",
      "resolved": "https://registry.npmjs.org/inflight/-/inflight-1.0.4.tgz",
      "integrity": "sha1-bLtFIevVHODsCpNr/XZX736bFyo=",
      "requires": {
        "once": "^1.3.0",
        "wrappy": "1"
      }
    },
    "inherits": {
      "version": "2.0.1",
      "resolved": "https://registry.npmjs.org/inherits/-/inherits-2.0.1.tgz",
      "integrity": "sha1-sX0I0ya0Qj5Wjv9xn5GwscvfafE="
    },
    "is-finite": {
      "version": "1.0.1",
      "resolved": "https://registry.npmjs.org/is-finite/-/is-finite-1.0.1.tgz",
      "integrity": "sha1-ZDhgPq6+J5OUj/SkJi7I2z1iWXs=",
      "requires": {
        "number-is-nan": "^1.0.0"
      }
    },
    "is-redirect": {
      "version": "1.0.0",
      "resolved": "https://registry.npmjs.org/is-redirect/-/is-redirect-1.0.0.tgz",
      "integrity": "sha1-HQPd7VO9jbDzDCbk+V02/HyH3CQ="
    },
    "is-stream": {
      "version": "1.0.1",
      "resolved": "https://registry.npmjs.org/is-stream/-/is-stream-1.0.1.tgz",
      "integrity": "sha1-tEzkWx8MPfWD9rXev4Tc+XQ6yLU="
    },
    "isarray": {
      "version": "0.0.1",
      "resolved": "https://registry.npmjs.org/isarray/-/isarray-0.0.1.tgz",
      "integrity": "sha1-ihis/Kmo9Bd+Cav8YDiTmwXR7t8="
    },
    "j": {
      "version": "0.4.3",
      "resolved": "https://registry.npmjs.org/j/-/j-0.4.3.tgz",
      "integrity": "sha1-bPZDVBvZ9douzGGVerF1f9ItaDU=",
      "requires": {
        "commander": "^2.9.0",
        "concat-stream": "^1.5.1",
        "harb": "~0.0.5",
        "xlsjs": "~0.7.1",
        "xlsx": "~0.7.11"
      }
    },
    "jszip": {
      "version": "2.4.0",
      "resolved": "https://registry.npmjs.org/jszip/-/jszip-2.4.0.tgz",
      "integrity": "sha1-SHqTt2w7/6bLCFzWHrk06r4tKU8=",
      "requires": {
        "pako": "~0.2.5"
      }
    },
    "lodash": {
      "version": "3.10.1",
      "resolved": "https://registry.npmjs.org/lodash/-/lodash-3.10.1.tgz",
      "integrity": "sha1-W/Rejkm6QYnhfUgnid/RW9FAt7Y="
    },
    "lowercase-keys": {
      "version": "1.0.0",
      "resolved": "https://registry.npmjs.org/lowercase-keys/-/lowercase-keys-1.0.0.tgz",
      "integrity": "sha1-TjNms55/VFfjXxMkvfb4jQv8cwY="
    },
    "map-obj": {
      "version": "1.0.1",
      "resolved": "https://registry.npmjs.org/map-obj/-/map-obj-1.0.1.tgz",
      "integrity": "sha1-2TPOuSBdgr3PSIb2dCvcK03qFG0="
    },
    "marked": {
      "version": "0.3.3",
      "resolved": "https://registry.npmjs.org/marked/-/marked-0.3.3.tgz",
      "integrity": "sha1-CLrZysE3NvbM7dwgI0TxsL8lU5A="
    },
    "meow": {
      "version": "2.0.0",
      "resolved": "https://registry.npmjs.org/meow/-/meow-2.0.0.tgz",
      "integrity": "sha1-j1MKjs9dQNP0tN+Tw0cpAPuiqPE=",
      "requires": {
        "camelcase-keys": "^1.0.0",
        "indent-string": "^1.1.0",
        "minimist": "^1.1.0",
        "object-assign": "^1.0.0"
      },
      "dependencies": {
        "object-assign": {
          "version": "1.0.0",
          "resolved": "https://registry.npmjs.org/object-assign/-/object-assign-1.0.0.tgz",
          "integrity": "sha1-5l3Idm07R7S4MHRlyDEdoDCwcKY="
        }
      }
    },
    "mime": {
      "version": "1.3.4",
      "resolved": "https://registry.npmjs.org/mime/-/mime-1.3.4.tgz",
      "integrity": "sha1-EV+eO2s9rylZmDyzjxSaLUDrXVM="
    },
    "minimatch": {
      "version": "3.0.0",
      "resolved": "https://registry.npmjs.org/minimatch/-/minimatch-3.0.0.tgz",
      "integrity": "sha1-UjYVelHk8ATBd/s8Un/33Xjw74M=",
      "requires": {
        "brace-expansion": "^1.0.0"
      }
    },
    "minimist": {
      "version": "1.2.0",
      "resolved": "https://registry.npmjs.org/minimist/-/minimist-1.2.0.tgz",
      "integrity": "sha1-o1AIsg9BOD7sH7kU9M1d95omQoQ="
    },
    "mkdirp": {
      "version": "0.5.1",
      "resolved": "https://registry.npmjs.org/mkdirp/-/mkdirp-0.5.1.tgz",
      "integrity": "sha1-MAV0OOrGz3+MR2fzhkjWaX11yQM=",
      "requires": {
        "minimist": "0.0.8"
      },
      "dependencies": {
        "minimist": {
          "version": "0.0.8",
          "resolved": "https://registry.npmjs.org/minimist/-/minimist-0.0.8.tgz",
          "integrity": "sha1-hX/Kv8M5fSYluCKCYuhqp6ARsF0="
        }
      }
    },
    "moment": {
      "version": "2.11.1",
      "resolved": "https://registry.npmjs.org/moment/-/moment-2.11.1.tgz",
      "integrity": "sha1-v0AmQTZA0bgCRnzzU2B/hGTWr0c="
    },
    "moment-range": {
      "version": "2.1.0",
      "resolved": "https://registry.npmjs.org/moment-range/-/moment-range-2.1.0.tgz",
      "integrity": "sha1-/UecQaZTsp1EONDgXb7rwVr0jDM="
    },
    "nan": {
      "version": "2.10.0",
      "resolved": "https://registry.npmjs.org/nan/-/nan-2.10.0.tgz",
      "integrity": "sha512-bAdJv7fBLhWC+/Bls0Oza+mvTaNQtP+1RyhhhvD95pgUJz6XM5IzgmxOkItJ9tkoCiplvAnXI1tNmmUD/eScyA=="
    },
    "nested-error-stacks": {
      "version": "1.0.2",
      "resolved": "https://registry.npmjs.org/nested-error-stacks/-/nested-error-stacks-1.0.2.tgz",
      "integrity": "sha1-GfYZWRUZ8JZ2mlupqG5u7sgjw88=",
      "requires": {
        "inherits": "~2.0.1"
      }
    },
    "nodejs": {
      "version": "0.0.0",
      "resolved": "https://registry.npmjs.org/nodejs/-/nodejs-0.0.0.tgz",
      "integrity": "sha1-RyL6LhisTrc6Qq4W0B41hKErdTE="
    },
    "nth-check": {
      "version": "1.0.1",
      "resolved": "https://registry.npmjs.org/nth-check/-/nth-check-1.0.1.tgz",
      "integrity": "sha1-mSms32KPwsQQmN6rgqxYDPFJquQ=",
      "requires": {
        "boolbase": "~1.0.0"
      }
    },
    "number-is-nan": {
      "version": "1.0.0",
      "resolved": "https://registry.npmjs.org/number-is-nan/-/number-is-nan-1.0.0.tgz",
      "integrity": "sha1-wCD1KcUoKt/dIz2R1LGBw9aG3Es="
    },
    "object-assign": {
      "version": "3.0.0",
      "resolved": "https://registry.npmjs.org/object-assign/-/object-assign-3.0.0.tgz",
      "integrity": "sha1-m+3VygiXlJvKR+f/QIBi1Un1h/I="
    },
    "once": {
      "version": "1.3.3",
      "resolved": "https://registry.npmjs.org/once/-/once-1.3.3.tgz",
      "integrity": "sha1-suJhVXzkwxTsgwTz+oJmPkKXyiA=",
      "requires": {
        "wrappy": "1"
      }
    },
    "pako": {
      "version": "0.2.8",
      "resolved": "https://registry.npmjs.org/pako/-/pako-0.2.8.tgz",
      "integrity": "sha1-Fa13KRU2KRPyDeSooWS0qsxhZdY="
    },
    "path-is-absolute": {
      "version": "1.0.0",
      "resolved": "https://registry.npmjs.org/path-is-absolute/-/path-is-absolute-1.0.0.tgz",
      "integrity": "sha1-Jj2tpmqz8vsQv3+dJN2PPlcO+RI="
    },
    "pdf-text-extract": {
      "version": "1.1.4",
      "resolved": "https://registry.npmjs.org/pdf-text-extract/-/pdf-text-extract-1.1.4.tgz",
      "integrity": "sha1-KqMTalsaKO8VkR6tggFs8uy7YTM=",
      "requires": {
        "yargs": "^1.2.5"
      }
    },
    "pend": {
      "version": "1.2.0",
      "resolved": "https://registry.npmjs.org/pend/-/pend-1.2.0.tgz",
      "integrity": "sha1-elfrVQpng/kRUzH89GY9XI4AelA="
    },
    "pinkie": {
      "version": "1.0.0",
      "resolved": "https://registry.npmjs.org/pinkie/-/pinkie-1.0.0.tgz",
      "integrity": "sha1-Wkfyi6EBXQIBvae/DzWOR77Ix+Q="
    },
    "pinkie-promise": {
      "version": "1.0.0",
      "resolved": "https://registry.npmjs.org/pinkie-promise/-/pinkie-promise-1.0.0.tgz",
      "integrity": "sha1-0dpn9UglY7t89X8oauKCLs+/NnA=",
      "requires": {
        "pinkie": "^1.0.0"
      }
    },
    "prepend-http": {
      "version": "1.0.3",
      "resolved": "https://registry.npmjs.org/prepend-http/-/prepend-http-1.0.3.tgz",
      "integrity": "sha1-TQ0rb5788RkMI5MTJbTzqduoSGk="
    },
    "process-nextick-args": {
      "version": "1.0.6",
      "resolved": "https://registry.npmjs.org/process-nextick-args/-/process-nextick-args-1.0.6.tgz",
      "integrity": "sha1-D5awAc6pCxJZLOVm7bl+wR5pvQU="
    },
    "read-all-stream": {
      "version": "3.0.1",
      "resolved": "https://registry.npmjs.org/read-all-stream/-/read-all-stream-3.0.1.tgz",
      "integrity": "sha1-w3Aa7NfJEVFmd1kO7epJaExi+kc=",
      "requires": {
        "pinkie-promise": "^1.0.0",
        "readable-stream": "^2.0.0"
      },
      "dependencies": {
        "readable-stream": {
          "version": "2.0.5",
          "resolved": "https://registry.npmjs.org/readable-stream/-/readable-stream-2.0.5.tgz",
          "integrity": "sha1-okJvjc1FUcd6M/lu3yiGojyClmk=",
          "requires": {
            "core-util-is": "~1.0.0",
            "inherits": "~2.0.1",
            "isarray": "0.0.1",
            "process-nextick-args": "~1.0.6",
            "string_decoder": "~0.10.x",
            "util-deprecate": "~1.0.1"
          }
        }
      }
    },
    "readable-stream": {
      "version": "1.1.13",
      "resolved": "https://registry.npmjs.org/readable-stream/-/readable-stream-1.1.13.tgz",
      "integrity": "sha1-9u73ZPUUyJ4rniMUanW6EGdW0j4=",
      "requires": {
        "core-util-is": "~1.0.0",
        "inherits": "~2.0.1",
        "isarray": "0.0.1",
        "string_decoder": "~0.10.x"
      }
    },
    "repeating": {
      "version": "1.1.3",
      "resolved": "https://registry.npmjs.org/repeating/-/repeating-1.1.3.tgz",
      "integrity": "sha1-PUEUIYh3U3SU+X93+Xhfq4EPpKw=",
      "requires": {
        "is-finite": "^1.0.0"
      }
    },
    "ssf": {
      "version": "0.8.2",
      "resolved": "https://registry.npmjs.org/ssf/-/ssf-0.8.2.tgz",
      "integrity": "sha1-udTcahwbz3b4q/qW19dlb7Kr7NY=",
      "requires": {
        "colors": "0.6.2",
        "frac": "0.3.1",
        "voc": "^0.5.0"
      }
    },
    "string_decoder": {
      "version": "0.10.31",
      "resolved": "https://registry.npmjs.org/string_decoder/-/string_decoder-0.10.31.tgz",
      "integrity": "sha1-YuIDvEF2bGwoyfyEMB2rHFMQ+pQ="
    },
    "textract": {
      "version": "1.2.1",
      "resolved": "https://registry.npmjs.org/textract/-/textract-1.2.1.tgz",
      "integrity": "sha1-L82lFiwy0xMg3LOTipYta0jURJ8=",
      "requires": {
        "cheerio": "0.19.0",
        "got": "3.3.1",
        "html-entities": "1.1.3",
        "j": "0.4.3",
        "marked": "0.3.3",
        "meow": "2.0.0",
        "mime": "1.3.4",
        "pdf-text-extract": "1.1.4",
        "xmldom": "0.1.19",
        "xpath": "0.0.9",
        "yauzl": "2.3.1"
      }
    },
    "timed-out": {
      "version": "2.0.0",
      "resolved": "https://registry.npmjs.org/timed-out/-/timed-out-2.0.0.tgz",
      "integrity": "sha1-84sK6B03R9YoAB9B2vxlKs5nHAo="
    },
    "typedarray": {
      "version": "0.0.6",
      "resolved": "https://registry.npmjs.org/typedarray/-/typedarray-0.0.6.tgz",
      "integrity": "sha1-hnrHTjhkGHsdPUfZlqeOxciDB3c="
    },
    "util-deprecate": {
      "version": "1.0.2",
      "resolved": "https://registry.npmjs.org/util-deprecate/-/util-deprecate-1.0.2.tgz",
      "integrity": "sha1-RQ1Nyfpw3nMnYvvS1KKJgUGaDM8="
    },
    "validate.io-array": {
      "version": "1.0.6",
      "resolved": "https://registry.npmjs.org/validate.io-array/-/validate.io-array-1.0.6.tgz",
      "integrity": "sha1-W1osr9j4uFq7L4hroVPy2Tond00="
    },
    "voc": {
      "version": "0.5.0",
      "resolved": "https://registry.npmjs.org/voc/-/voc-0.5.0.tgz",
      "integrity": "sha1-vmynx25KV9kwzID2sx+9gMqGBFw="
    },
    "wrappy": {
      "version": "1.0.1",
      "resolved": "https://registry.npmjs.org/wrappy/-/wrappy-1.0.1.tgz",
      "integrity": "sha1-HmWWmWXMvC20VIxrhKbyxa7dRzk="
    },
    "xlsjs": {
      "version": "0.7.5",
      "resolved": "https://registry.npmjs.org/xlsjs/-/xlsjs-0.7.5.tgz",
      "integrity": "sha1-jqJH1WPGAmpto0LQRZHbqdGGFX0=",
      "requires": {
        "cfb": "~0.10.3",
        "codepage": "~1.3.6",
        "commander": "^2.9.0",
        "ssf": "~0.8.1"
      },
      "dependencies": {
        "codepage": {
          "version": "1.3.8",
          "resolved": "https://registry.npmjs.org/codepage/-/codepage-1.3.8.tgz",
          "integrity": "sha1-Ty5dfAl13ij4hJgFjcta/KtqX3E=",
          "requires": {
            "commander": "^2.9.0",
            "concat-stream": "^1.5.1",
            "voc": "^0.5.0"
          }
        }
      }
    },
    "xlsx": {
      "version": "0.7.12",
      "resolved": "https://registry.npmjs.org/xlsx/-/xlsx-0.7.12.tgz",
      "integrity": "sha1-cUSDHY7NScBiFB98SJddGkAJiOQ=",
      "requires": {
        "adler-32": "^0.3.0",
        "cfb": ">=0.10.0",
        "codepage": "~1.3.6",
        "commander": "^2.9.0",
        "crc-32": "^0.4.0",
        "jszip": "2.4.0",
        "ssf": "~0.8.1"
      },
      "dependencies": {
        "codepage": {
          "version": "1.3.8",
          "resolved": "https://registry.npmjs.org/codepage/-/codepage-1.3.8.tgz",
          "integrity": "sha1-Ty5dfAl13ij4hJgFjcta/KtqX3E=",
          "requires": {
            "commander": "^2.9.0",
            "concat-stream": "^1.5.1",
            "voc": "^0.5.0"
          }
        }
      }
    },
    "xmldom": {
      "version": "0.1.19",
      "resolved": "https://registry.npmjs.org/xmldom/-/xmldom-0.1.19.tgz",
      "integrity": "sha1-Yx/Ad3bv2EEYvyUXGzftTQdaCrw="
    },
    "xpath": {
      "version": "0.0.9",
      "resolved": "https://registry.npmjs.org/xpath/-/xpath-0.0.9.tgz",
      "integrity": "sha1-s57qHq+9yOzdohrUkcjbQPAT+1Q="
    },
    "yargs": {
      "version": "1.3.3",
      "resolved": "https://registry.npmjs.org/yargs/-/yargs-1.3.3.tgz",
      "integrity": "sha1-BU3oth8i7v23IHBZ6u+da4P7kxo="
    },
    "yauzl": {
      "version": "2.3.1",
      "resolved": "https://registry.npmjs.org/yauzl/-/yauzl-2.3.1.tgz",
      "integrity": "sha1-Zwf+K2pNrJRFzEKb8EoRx97fo2o=",
      "requires": {
        "fd-slicer": "~1.0.1",
        "pend": "~1.2.0"
      }
    }
  }
}
